
Microsoft Visual Studio Solution File, Format Version 12.00
# Visual Studio Version 16
VisualStudioVersion = 16.0.29806.167
MinimumVisualStudioVersion = 10.0.40219.1
Project("{FAE04EC0-301F-11D3-BF4B-00C04F79EFBC}") = "CSharpConsole", "CSharpConsole\CSharpConsole.csproj", "{C8AFEC79-FB0D-4668-9B92-5DC77940EC42}"
EndProject
Global
	GlobalSection(SolutionConfigurationPlatforms) = preSolution
		Debug|Any CPU = Debug|Any CPU
		Release|Any CPU = Release|Any CPU
	EndGlobalSection
	GlobalSection(ProjectConfigurationPlatforms) = postSolution
		{C8AFEC79-FB0D-4668-9B92-5DC77940EC42}.Debug|Any CPU.ActiveCfg = Debug|Any CPU
		{C8AFEC79-FB0D-4668-9B92-5DC77940EC42}.Debug|Any CPU.Build.0 = Debug|Any CPU
		{C8AFEC79-FB0D-4668-9B92-5DC77940EC42}.Release|Any CPU.ActiveCfg = Release|Any CPU
		{C8AFEC79-FB0D-4668-9B92-5DC77940EC42}.Release|Any CPU.Build.0 = Release|Any CPU
	EndGlobalSection
	GlobalSection(SolutionProperties) = preSolution
		HideSolutionNode = FALSE
	EndGlobalSection
	GlobalSection(ExtensibilityGlobals) = postSolution
		SolutionGuid = {42B9AE19-B4AC-48C1-ADC2-F922EEDB7D05}
	EndGlobalSection
EndGlobal
